// !$*UTF8*$!
{
	archiveVersion = 1;
	classes = {
	};
	objectVersion = 50;
	objects = {

/* Begin PBXBuildFile section */
		173E7730225C5FF200CB32CF /* DemoStep.swift in Sources */ = {isa = PBXBuildFile; fileRef = 173E772F225C5FF200CB32CF /* DemoStep.swift */; };
		17A8AE49225BC87D006DC1DB /* AnchorVisual.swift in Sources */ = {isa = PBXBuildFile; fileRef = 17A8AE48225BC87D006DC1DB /* AnchorVisual.swift */; };
		17C1873F225BFC6000081781 /* BasicDemoViewController.swift in Sources */ = {isa = PBXBuildFile; fileRef = 17C1873E225BFC6000081781 /* BasicDemoViewController.swift */; };
		17C18741225BFC7500081781 /* NearbyDemoViewController.swift in Sources */ = {isa = PBXBuildFile; fileRef = 17C18740225BFC7500081781 /* NearbyDemoViewController.swift */; };
		17F13116225BD8BC00B7B910 /* BaseViewController.swift in Sources */ = {isa = PBXBuildFile; fileRef = 17F13115225BD8BC00B7B910 /* BaseViewController.swift */; };
		558D29DF2122278D003D5B51 /* AppDelegate.swift in Sources */ = {isa = PBXBuildFile; fileRef = 558D29DE2122278D003D5B51 /* AppDelegate.swift */; };
		558D29E62122278D003D5B51 /* Main.storyboard in Resources */ = {isa = PBXBuildFile; fileRef = 558D29E42122278D003D5B51 /* Main.storyboard */; };
		558D29E82122278E003D5B51 /* Assets.xcassets in Resources */ = {isa = PBXBuildFile; fileRef = 558D29E72122278E003D5B51 /* Assets.xcassets */; };
		558D29EB2122278E003D5B51 /* LaunchScreen.storyboard in Resources */ = {isa = PBXBuildFile; fileRef = 558D29E92122278E003D5B51 /* LaunchScreen.storyboard */; };
		76C862FD21F27ADD008A4362 /* AuthenticationHelper.swift in Sources */ = {isa = PBXBuildFile; fileRef = 76C862FC21F27ADD008A4362 /* AuthenticationHelper.swift */; };
		C21DBA9482D15118C809DEFF /* Pods_SampleSwift.framework in Frameworks */ = {isa = PBXBuildFile; fileRef = 961D99C835D2CEBA659619DF /* Pods_SampleSwift.framework */; };
/* End PBXBuildFile section */

/* Begin PBXCopyFilesBuildPhase section */
		55C1AF4A21309D75005A98E2 /* Embed Frameworks */ = {
			isa = PBXCopyFilesBuildPhase;
			buildActionMask = 2147483647;
			dstPath = "";
			dstSubfolderSpec = 10;
			files = (
			);
			name = "Embed Frameworks";
			runOnlyForDeploymentPostprocessing = 0;
		};
/* End PBXCopyFilesBuildPhase section */

/* Begin PBXFileReference section */
		0E402A8FEF9D1BF811AE8501 /* Pods-SampleSwift.release.xcconfig */ = {isa = PBXFileReference; includeInIndex = 1; lastKnownFileType = text.xcconfig; name = "Pods-SampleSwift.release.xcconfig"; path = "Pods/Target Support Files/Pods-SampleSwift/Pods-SampleSwift.release.xcconfig"; sourceTree = "<group>"; };
		173E772F225C5FF200CB32CF /* DemoStep.swift */ = {isa = PBXFileReference; lastKnownFileType = sourcecode.swift; path = DemoStep.swift; sourceTree = "<group>"; };
		17A8AE48225BC87D006DC1DB /* AnchorVisual.swift */ = {isa = PBXFileReference; lastKnownFileType = sourcecode.swift; path = AnchorVisual.swift; sourceTree = "<group>"; };
		17C1873E225BFC6000081781 /* BasicDemoViewController.swift */ = {isa = PBXFileReference; lastKnownFileType = sourcecode.swift; path = BasicDemoViewController.swift; sourceTree = "<group>"; };
		17C18740225BFC7500081781 /* NearbyDemoViewController.swift */ = {isa = PBXFileReference; lastKnownFileType = sourcecode.swift; path = NearbyDemoViewController.swift; sourceTree = "<group>"; };
		17F13115225BD8BC00B7B910 /* BaseViewController.swift */ = {isa = PBXFileReference; lastKnownFileType = sourcecode.swift; path = BaseViewController.swift; sourceTree = "<group>"; };
		3DED57FD62FA89DCB418915F /* Pods-SampleSwift.debug.xcconfig */ = {isa = PBXFileReference; includeInIndex = 1; lastKnownFileType = text.xcconfig; name = "Pods-SampleSwift.debug.xcconfig"; path = "Pods/Target Support Files/Pods-SampleSwift/Pods-SampleSwift.debug.xcconfig"; sourceTree = "<group>"; };
		558D29DB2122278D003D5B51 /* SampleSwift.app */ = {isa = PBXFileReference; explicitFileType = wrapper.application; includeInIndex = 0; path = SampleSwift.app; sourceTree = BUILT_PRODUCTS_DIR; };
		558D29DE2122278D003D5B51 /* AppDelegate.swift */ = {isa = PBXFileReference; lastKnownFileType = sourcecode.swift; path = AppDelegate.swift; sourceTree = "<group>"; };
		558D29E52122278D003D5B51 /* Base */ = {isa = PBXFileReference; lastKnownFileType = file.storyboard; name = Base; path = Base.lproj/Main.storyboard; sourceTree = "<group>"; };
		558D29E72122278E003D5B51 /* Assets.xcassets */ = {isa = PBXFileReference; lastKnownFileType = folder.assetcatalog; path = Assets.xcassets; sourceTree = "<group>"; };
		558D29EA2122278E003D5B51 /* Base */ = {isa = PBXFileReference; lastKnownFileType = file.storyboard; name = Base; path = Base.lproj/LaunchScreen.storyboard; sourceTree = "<group>"; };
		558D29EC2122278E003D5B51 /* Info.plist */ = {isa = PBXFileReference; lastKnownFileType = text.plist.xml; path = Info.plist; sourceTree = "<group>"; };
		55C1AF4621309507005A98E2 /* Bridging-Header.h */ = {isa = PBXFileReference; lastKnownFileType = sourcecode.c.h; path = "Bridging-Header.h"; sourceTree = "<group>"; };
		76C862FC21F27ADD008A4362 /* AuthenticationHelper.swift */ = {isa = PBXFileReference; lastKnownFileType = sourcecode.swift; path = AuthenticationHelper.swift; sourceTree = "<group>"; };
		76FB1EC421B8B64F000D13D2 /* SampleSwift.entitlements */ = {isa = PBXFileReference; lastKnownFileType = text.plist.entitlements; path = SampleSwift.entitlements; sourceTree = "<group>"; };
		961D99C835D2CEBA659619DF /* Pods_SampleSwift.framework */ = {isa = PBXFileReference; explicitFileType = wrapper.framework; includeInIndex = 0; path = Pods_SampleSwift.framework; sourceTree = BUILT_PRODUCTS_DIR; };
/* End PBXFileReference section */

/* Begin PBXFrameworksBuildPhase section */
		558D29D82122278D003D5B51 /* Frameworks */ = {
			isa = PBXFrameworksBuildPhase;
			buildActionMask = 2147483647;
			files = (
				C21DBA9482D15118C809DEFF /* Pods_SampleSwift.framework in Frameworks */,
			);
			runOnlyForDeploymentPostprocessing = 0;
		};
/* End PBXFrameworksBuildPhase section */

/* Begin PBXGroup section */
		173E7731225C6E1100CB32CF /* ViewControllers */ = {
			isa = PBXGroup;
			children = (
				17C1873E225BFC6000081781 /* BasicDemoViewController.swift */,
				17F13115225BD8BC00B7B910 /* BaseViewController.swift */,
				17C18740225BFC7500081781 /* NearbyDemoViewController.swift */,
			);
			path = ViewControllers;
			sourceTree = "<group>";
		};
		3D9AFF4BF9F57070B3DAE9FE /* Pods */ = {
			isa = PBXGroup;
			children = (
				3DED57FD62FA89DCB418915F /* Pods-SampleSwift.debug.xcconfig */,
				0E402A8FEF9D1BF811AE8501 /* Pods-SampleSwift.release.xcconfig */,
			);
			name = Pods;
			sourceTree = "<group>";
		};
		558D29D22122278D003D5B51 = {
			isa = PBXGroup;
			children = (
				558D29DD2122278D003D5B51 /* SampleSwift */,
				558D29DC2122278D003D5B51 /* Products */,
				55C1AF4321309298005A98E2 /* Frameworks */,
				3D9AFF4BF9F57070B3DAE9FE /* Pods */,
			);
			sourceTree = "<group>";
		};
		558D29DC2122278D003D5B51 /* Products */ = {
			isa = PBXGroup;
			children = (
				558D29DB2122278D003D5B51 /* SampleSwift.app */,
			);
			name = Products;
			sourceTree = "<group>";
		};
		558D29DD2122278D003D5B51 /* SampleSwift */ = {
			isa = PBXGroup;
			children = (
				173E7731225C6E1100CB32CF /* ViewControllers */,
				17A8AE48225BC87D006DC1DB /* AnchorVisual.swift */,
				558D29DE2122278D003D5B51 /* AppDelegate.swift */,
				558D29E72122278E003D5B51 /* Assets.xcassets */,
				76C862FC21F27ADD008A4362 /* AuthenticationHelper.swift */,
				55C1AF4621309507005A98E2 /* Bridging-Header.h */,
				173E772F225C5FF200CB32CF /* DemoStep.swift */,
				558D29EC2122278E003D5B51 /* Info.plist */,
				558D29E92122278E003D5B51 /* LaunchScreen.storyboard */,
				558D29E42122278D003D5B51 /* Main.storyboard */,
				76FB1EC421B8B64F000D13D2 /* SampleSwift.entitlements */,
			);
			path = SampleSwift;
			sourceTree = "<group>";
		};
		55C1AF4321309298005A98E2 /* Frameworks */ = {
			isa = PBXGroup;
			children = (
				961D99C835D2CEBA659619DF /* Pods_SampleSwift.framework */,
			);
			name = Frameworks;
			sourceTree = "<group>";
		};
/* End PBXGroup section */

/* Begin PBXNativeTarget section */
		558D29DA2122278D003D5B51 /* SampleSwift */ = {
			isa = PBXNativeTarget;
			buildConfigurationList = 558D29EF2122278E003D5B51 /* Build configuration list for PBXNativeTarget "SampleSwift" */;
			buildPhases = (
				D8465FBA9AFEA03E624A4B6D /* [CP] Check Pods Manifest.lock */,
				558D29D72122278D003D5B51 /* Sources */,
				558D29D82122278D003D5B51 /* Frameworks */,
				558D29D92122278D003D5B51 /* Resources */,
				55C1AF4A21309D75005A98E2 /* Embed Frameworks */,
				E4BE94EE01EB832D60F86048 /* [CP] Embed Pods Frameworks */,
			);
			buildRules = (
			);
			dependencies = (
			);
			name = SampleSwift;
			productName = SampleSwift;
			productReference = 558D29DB2122278D003D5B51 /* SampleSwift.app */;
			productType = "com.apple.product-type.application";
		};
/* End PBXNativeTarget section */

/* Begin PBXProject section */
		558D29D32122278D003D5B51 /* Project object */ = {
			isa = PBXProject;
			attributes = {
				LastSwiftUpdateCheck = 0940;
				LastUpgradeCheck = 1000;
				ORGANIZATIONNAME = Microsoft;
				TargetAttributes = {
					558D29DA2122278D003D5B51 = {
						CreatedOnToolsVersion = 9.4.1;
						SystemCapabilities = {
							com.apple.Keychain = {
								enabled = 1;
							};
						};
					};
				};
			};
			buildConfigurationList = 558D29D62122278D003D5B51 /* Build configuration list for PBXProject "SampleSwift" */;
			compatibilityVersion = "Xcode 9.3";
			developmentRegion = en;
			hasScannedForEncodings = 0;
			knownRegions = (
				en,
				Base,
			);
			mainGroup = 558D29D22122278D003D5B51;
			productRefGroup = 558D29DC2122278D003D5B51 /* Products */;
			projectDirPath = "";
			projectRoot = "";
			targets = (
				558D29DA2122278D003D5B51 /* SampleSwift */,
			);
		};
/* End PBXProject section */

/* Begin PBXResourcesBuildPhase section */
		558D29D92122278D003D5B51 /* Resources */ = {
			isa = PBXResourcesBuildPhase;
			buildActionMask = 2147483647;
			files = (
				558D29EB2122278E003D5B51 /* LaunchScreen.storyboard in Resources */,
				558D29E82122278E003D5B51 /* Assets.xcassets in Resources */,
				558D29E62122278D003D5B51 /* Main.storyboard in Resources */,
			);
			runOnlyForDeploymentPostprocessing = 0;
		};
/* End PBXResourcesBuildPhase section */

/* Begin PBXShellScriptBuildPhase section */
		D8465FBA9AFEA03E624A4B6D /* [CP] Check Pods Manifest.lock */ = {
			isa = PBXShellScriptBuildPhase;
			buildActionMask = 2147483647;
			files = (
			);
			inputPaths = (
				"${PODS_PODFILE_DIR_PATH}/Podfile.lock",
				"${PODS_ROOT}/Manifest.lock",
			);
			name = "[CP] Check Pods Manifest.lock";
			outputPaths = (
				"$(DERIVED_FILE_DIR)/Pods-SampleSwift-checkManifestLockResult.txt",
			);
			runOnlyForDeploymentPostprocessing = 0;
			shellPath = /bin/sh;
			shellScript = "diff \"${PODS_PODFILE_DIR_PATH}/Podfile.lock\" \"${PODS_ROOT}/Manifest.lock\" > /dev/null\nif [ $? != 0 ] ; then\n    # print error to STDERR\n    echo \"error: The sandbox is not in sync with the Podfile.lock. Run 'pod install' or update your CocoaPods installation.\" >&2\n    exit 1\nfi\n# This output is used by Xcode 'outputs' to avoid re-running this script phase.\necho \"SUCCESS\" > \"${SCRIPT_OUTPUT_FILE_0}\"\n";
			showEnvVarsInLog = 0;
		};
		E4BE94EE01EB832D60F86048 /* [CP] Embed Pods Frameworks */ = {
			isa = PBXShellScriptBuildPhase;
			buildActionMask = 2147483647;
			files = (
			);
			inputPaths = (
				"${SRCROOT}/Pods/Target Support Files/Pods-SampleSwift/Pods-SampleSwift-frameworks.sh",
				"${BUILT_PRODUCTS_DIR}/ADAL/ADAL.framework",
				"${PODS_ROOT}/AzureSpatialAnchors/bin/frameworks/AzureSpatialAnchors.framework",
			);
			name = "[CP] Embed Pods Frameworks";
			outputPaths = (
				"${TARGET_BUILD_DIR}/${FRAMEWORKS_FOLDER_PATH}/ADAL.framework",
				"${TARGET_BUILD_DIR}/${FRAMEWORKS_FOLDER_PATH}/AzureSpatialAnchors.framework",
			);
			runOnlyForDeploymentPostprocessing = 0;
			shellPath = /bin/sh;
			shellScript = "\"${SRCROOT}/Pods/Target Support Files/Pods-SampleSwift/Pods-SampleSwift-frameworks.sh\"\n";
			showEnvVarsInLog = 0;
		};
/* End PBXShellScriptBuildPhase section */

/* Begin PBXSourcesBuildPhase section */
		558D29D72122278D003D5B51 /* Sources */ = {
			isa = PBXSourcesBuildPhase;
			buildActionMask = 2147483647;
			files = (
				17C1873F225BFC6000081781 /* BasicDemoViewController.swift in Sources */,
				17C18741225BFC7500081781 /* NearbyDemoViewController.swift in Sources */,
				17F13116225BD8BC00B7B910 /* BaseViewController.swift in Sources */,
				17A8AE49225BC87D006DC1DB /* AnchorVisual.swift in Sources */,
				558D29DF2122278D003D5B51 /* AppDelegate.swift in Sources */,
				173E7730225C5FF200CB32CF /* DemoStep.swift in Sources */,
				76C862FD21F27ADD008A4362 /* AuthenticationHelper.swift in Sources */,
			);
			runOnlyForDeploymentPostprocessing = 0;
		};
/* End PBXSourcesBuildPhase section */

/* Begin PBXVariantGroup section */
		558D29E42122278D003D5B51 /* Main.storyboard */ = {
			isa = PBXVariantGroup;
			children = (
				558D29E52122278D003D5B51 /* Base */,
			);
			name = Main.storyboard;
			sourceTree = "<group>";
		};
		558D29E92122278E003D5B51 /* LaunchScreen.storyboard */ = {
			isa = PBXVariantGroup;
			children = (
				558D29EA2122278E003D5B51 /* Base */,
			);
			name = LaunchScreen.storyboard;
			sourceTree = "<group>";
		};
/* End PBXVariantGroup section */

/* Begin XCBuildConfiguration section */
		558D29ED2122278E003D5B51 /* Debug */ = {
			isa = XCBuildConfiguration;
			buildSettings = {
				ALWAYS_SEARCH_USER_PATHS = NO;
				CLANG_ANALYZER_NONNULL = YES;
				CLANG_ANALYZER_NUMBER_OBJECT_CONVERSION = YES_AGGRESSIVE;
				CLANG_CXX_LANGUAGE_STANDARD = "gnu++14";
				CLANG_CXX_LIBRARY = "libc++";
				CLANG_ENABLE_MODULES = YES;
				CLANG_ENABLE_OBJC_ARC = YES;
				CLANG_ENABLE_OBJC_WEAK = YES;
				CLANG_WARN_BLOCK_CAPTURE_AUTORELEASING = YES;
				CLANG_WARN_BOOL_CONVERSION = YES;
				CLANG_WARN_COMMA = YES;
				CLANG_WARN_CONSTANT_CONVERSION = YES;
				CLANG_WARN_DEPRECATED_OBJC_IMPLEMENTATIONS = YES;
				CLANG_WARN_DIRECT_OBJC_ISA_USAGE = YES_ERROR;
				CLANG_WARN_DOCUMENTATION_COMMENTS = YES;
				CLANG_WARN_EMPTY_BODY = YES;
				CLANG_WARN_ENUM_CONVERSION = YES;
				CLANG_WARN_INFINITE_RECURSION = YES;
				CLANG_WARN_INT_CONVERSION = YES;
				CLANG_WARN_NON_LITERAL_NULL_CONVERSION = YES;
				CLANG_WARN_OBJC_IMPLICIT_RETAIN_SELF = YES;
				CLANG_WARN_OBJC_LITERAL_CONVERSION = YES;
				CLANG_WARN_OBJC_ROOT_CLASS = YES_ERROR;
				CLANG_WARN_RANGE_LOOP_ANALYSIS = YES;
				CLANG_WARN_STRICT_PROTOTYPES = YES;
				CLANG_WARN_SUSPICIOUS_MOVE = YES;
				CLANG_WARN_UNGUARDED_AVAILABILITY = YES_AGGRESSIVE;
				CLANG_WARN_UNREACHABLE_CODE = YES;
				CLANG_WARN__DUPLICATE_METHOD_MATCH = YES;
				CODE_SIGN_IDENTITY = "iPhone Developer";
				COPY_PHASE_STRIP = NO;
				DEBUG_INFORMATION_FORMAT = dwarf;
				ENABLE_STRICT_OBJC_MSGSEND = YES;
				ENABLE_TESTABILITY = YES;
				GCC_C_LANGUAGE_STANDARD = gnu11;
				GCC_DYNAMIC_NO_PIC = NO;
				GCC_NO_COMMON_BLOCKS = YES;
				GCC_OPTIMIZATION_LEVEL = 0;
				GCC_PREPROCESSOR_DEFINITIONS = (
					"DEBUG=1",
					"$(inherited)",
				);
				GCC_WARN_64_TO_32_BIT_CONVERSION = YES;
				GCC_WARN_ABOUT_RETURN_TYPE = YES_ERROR;
				GCC_WARN_UNDECLARED_SELECTOR = YES;
				GCC_WARN_UNINITIALIZED_AUTOS = YES_AGGRESSIVE;
				GCC_WARN_UNUSED_FUNCTION = YES;
				GCC_WARN_UNUSED_VARIABLE = YES;
				IPHONEOS_DEPLOYMENT_TARGET = 11.4;
				MTL_ENABLE_DEBUG_INFO = YES;
				ONLY_ACTIVE_ARCH = YES;
				SDKROOT = iphoneos;
				SWIFT_ACTIVE_COMPILATION_CONDITIONS = DEBUG;
				SWIFT_OPTIMIZATION_LEVEL = "-Onone";
			};
			name = Debug;
		};
		558D29EE2122278E003D5B51 /* Release */ = {
			isa = XCBuildConfiguration;
			buildSettings = {
				ALWAYS_SEARCH_USER_PATHS = NO;
				CLANG_ANALYZER_NONNULL = YES;
				CLANG_ANALYZER_NUMBER_OBJECT_CONVERSION = YES_AGGRESSIVE;
				CLANG_CXX_LANGUAGE_STANDARD = "gnu++14";
				CLANG_CXX_LIBRARY = "libc++";
				CLANG_ENABLE_MODULES = YES;
				CLANG_ENABLE_OBJC_ARC = YES;
				CLANG_ENABLE_OBJC_WEAK = YES;
				CLANG_WARN_BLOCK_CAPTURE_AUTORELEASING = YES;
				CLANG_WARN_BOOL_CONVERSION = YES;
				CLANG_WARN_COMMA = YES;
				CLANG_WARN_CONSTANT_CONVERSION = YES;
				CLANG_WARN_DEPRECATED_OBJC_IMPLEMENTATIONS = YES;
				CLANG_WARN_DIRECT_OBJC_ISA_USAGE = YES_ERROR;
				CLANG_WARN_DOCUMENTATION_COMMENTS = YES;
				CLANG_WARN_EMPTY_BODY = YES;
				CLANG_WARN_ENUM_CONVERSION = YES;
				CLANG_WARN_INFINITE_RECURSION = YES;
				CLANG_WARN_INT_CONVERSION = YES;
				CLANG_WARN_NON_LITERAL_NULL_CONVERSION = YES;
				CLANG_WARN_OBJC_IMPLICIT_RETAIN_SELF = YES;
				CLANG_WARN_OBJC_LITERAL_CONVERSION = YES;
				CLANG_WARN_OBJC_ROOT_CLASS = YES_ERROR;
				CLANG_WARN_RANGE_LOOP_ANALYSIS = YES;
				CLANG_WARN_STRICT_PROTOTYPES = YES;
				CLANG_WARN_SUSPICIOUS_MOVE = YES;
				CLANG_WARN_UNGUARDED_AVAILABILITY = YES_AGGRESSIVE;
				CLANG_WARN_UNREACHABLE_CODE = YES;
				CLANG_WARN__DUPLICATE_METHOD_MATCH = YES;
				CODE_SIGN_IDENTITY = "iPhone Developer";
				COPY_PHASE_STRIP = NO;
				DEBUG_INFORMATION_FORMAT = "dwarf-with-dsym";
				ENABLE_NS_ASSERTIONS = NO;
				ENABLE_STRICT_OBJC_MSGSEND = YES;
				GCC_C_LANGUAGE_STANDARD = gnu11;
				GCC_NO_COMMON_BLOCKS = YES;
				GCC_WARN_64_TO_32_BIT_CONVERSION = YES;
				GCC_WARN_ABOUT_RETURN_TYPE = YES_ERROR;
				GCC_WARN_UNDECLARED_SELECTOR = YES;
				GCC_WARN_UNINITIALIZED_AUTOS = YES_AGGRESSIVE;
				GCC_WARN_UNUSED_FUNCTION = YES;
				GCC_WARN_UNUSED_VARIABLE = YES;
				IPHONEOS_DEPLOYMENT_TARGET = 11.4;
				MTL_ENABLE_DEBUG_INFO = NO;
				SDKROOT = iphoneos;
				SWIFT_COMPILATION_MODE = wholemodule;
				SWIFT_OPTIMIZATION_LEVEL = "-O";
				VALIDATE_PRODUCT = YES;
			};
			name = Release;
		};
		558D29F02122278E003D5B51 /* Debug */ = {
			isa = XCBuildConfiguration;
			baseConfigurationReference = 3DED57FD62FA89DCB418915F /* Pods-SampleSwift.debug.xcconfig */;
			buildSettings = {
				ASSETCATALOG_COMPILER_APPICON_NAME = AppIcon;
				CODE_SIGN_ENTITLEMENTS = SampleSwift/SampleSwift.entitlements;
				CODE_SIGN_STYLE = Automatic;
				DEVELOPMENT_TEAM = "";
				ENABLE_BITCODE = NO;
				INFOPLIST_FILE = SampleSwift/Info.plist;
				LD_RUNPATH_SEARCH_PATHS = (
					"$(inherited)",
					"@executable_path/Frameworks",
				);
				PRODUCT_BUNDLE_IDENTIFIER = "com.microsoft.spatialanchorsswiftsample-df";
				PRODUCT_NAME = "$(TARGET_NAME)";
				SWIFT_OBJC_BRIDGING_HEADER = "SampleSwift/Bridging-Header.h";
				SWIFT_VERSION = 4.0;
				TARGETED_DEVICE_FAMILY = "1,2";
			};
			name = Debug;
		};
		558D29F12122278E003D5B51 /* Release */ = {
			isa = XCBuildConfiguration;
			baseConfigurationReference = 0E402A8FEF9D1BF811AE8501 /* Pods-SampleSwift.release.xcconfig */;
			buildSettings = {
				ASSETCATALOG_COMPILER_APPICON_NAME = AppIcon;
				CODE_SIGN_ENTITLEMENTS = SampleSwift/SampleSwift.entitlements;
				CODE_SIGN_STYLE = Automatic;
				DEVELOPMENT_TEAM = "";
				ENABLE_BITCODE = NO;
				INFOPLIST_FILE = SampleSwift/Info.plist;
				LD_RUNPATH_SEARCH_PATHS = (
					"$(inherited)",
					"@executable_path/Frameworks",
				);
				PRODUCT_BUNDLE_IDENTIFIER = "com.microsoft.spatialanchorsswiftsample-df";
				PRODUCT_NAME = "$(TARGET_NAME)";
				SWIFT_OBJC_BRIDGING_HEADER = "SampleSwift/Bridging-Header.h";
				SWIFT_VERSION = 4.0;
				TARGETED_DEVICE_FAMILY = "1,2";
			};
			name = Release;
		};
/* End XCBuildConfiguration section */

/* Begin XCConfigurationList section */
		558D29D62122278D003D5B51 /* Build configuration list for PBXProject "SampleSwift" */ = {
			isa = XCConfigurationList;
			buildConfigurations = (
				558D29ED2122278E003D5B51 /* Debug */,
				558D29EE2122278E003D5B51 /* Release */,
			);
			defaultConfigurationIsVisible = 0;
			defaultConfigurationName = Release;
		};
		558D29EF2122278E003D5B51 /* Build configuration list for PBXNativeTarget "SampleSwift" */ = {
			isa = XCConfigurationList;
			buildConfigurations = (
				558D29F02122278E003D5B51 /* Debug */,
				558D29F12122278E003D5B51 /* Release */,
			);
			defaultConfigurationIsVisible = 0;
			defaultConfigurationName = Release;
		};
/* End XCConfigurationList section */
	};
	rootObject = 558D29D32122278D003D5B51 /* Project object */;
}
