<?xml version="1.0" encoding="utf-8"?>
<Project ToolsVersion="4.0" xmlns="http://schemas.microsoft.com/developer/msbuild/2003">
  <ItemGroup>
    <Filter Include="Common">
      <UniqueIdentifier>09d1705c-4a0d-4074-93c2-fa2dd5ebab16</UniqueIdentifier>
    </Filter>
    <Filter Include="Assets">
      <UniqueIdentifier>5747fb0c-8a4d-46cd-a02f-58f67f244df2</UniqueIdentifier>
      <Extensions>bmp;fbx;gif;jpg;jpeg;tga;tiff;tif;png</Extensions>
    </Filter>
    <Filter Include="Content">
      <UniqueIdentifier>fefb8fe8-18e3-452a-9b70-90c7821480df</UniqueIdentifier>
    </Filter>
    <Filter Include="Content\Shaders">
      <UniqueIdentifier>584aa3f4-8e1e-4105-a688-b5540d3ea4ae</UniqueIdentifier>
    </Filter>
    <ClInclude Include="Common\DirectXHelper.h">
      <Filter>Common</Filter>
    </ClInclude>
    <ClInclude Include="Common\StepTimer.h">
      <Filter>Common</Filter>
    </ClInclude>
    <ClInclude Include="Common\DeviceResources.h">
      <Filter>Common</Filter>
    </ClInclude>
    <ClCompile Include="Common\DeviceResources.cpp">
      <Filter>Common</Filter>
    </ClCompile>
    <ClInclude Include="Common\CameraResources.h">
      <Filter>Common</Filter>
    </ClInclude>
    <ClCompile Include="Common\CameraResources.cpp">
      <Filter>Common</Filter>
    </ClCompile>
    <Image Include="Assets\LockScreenLogo.scale-200.png">
      <Filter>Assets</Filter>
    </Image>
    <Image Include="Assets\SplashScreen.scale-200.png">
      <Filter>Assets</Filter>
    </Image>
    <Image Include="Assets\Square150x150Logo.scale-200.png">
      <Filter>Assets</Filter>
    </Image>
    <Image Include="Assets\Square44x44Logo.scale-200.png">
      <Filter>Assets</Filter>
    </Image>
    <Image Include="Assets\Square44x44Logo.targetsize-24_altform-unplated.png">
      <Filter>Assets</Filter>
    </Image>
    <Image Include="Assets\StoreLogo.png">
      <Filter>Assets</Filter>
    </Image>
    <Image Include="Assets\Wide310x150Logo.scale-200.png">
      <Filter>Assets</Filter>
    </Image>
    <Filter Include="SpatialServicesApi">
      <UniqueIdentifier>{645a6513-a6b8-435a-9ff0-79eb18ec3289}</UniqueIdentifier>
    </Filter>
  </ItemGroup>
  <ItemGroup>
    <ClCompile Include="pch.cpp" />
    <ClCompile Include="SampleHoloLensMain.cpp" />
    <ClCompile Include="AppView.cpp" />
    <ClCompile Include="Content\SpatialInputHandler.cpp">
      <Filter>Content</Filter>
    </ClCompile>
    <ClCompile Include="Content\TextRenderer.cpp">
      <Filter>Content</Filter>
    </ClCompile>
    <ClCompile Include="Content\CubeRenderer.cpp">
      <Filter>Content</Filter>
    </ClCompile>
    <ClCompile Include="Content\QuadRenderer.cpp">
      <Filter>Content</Filter>
    </ClCompile>
    <ClCompile Include="ViewController.cpp" />
    <ClCompile Include="Content\LabeledCubeRenderer.cpp">
      <Filter>Content</Filter>
    </ClCompile>
    <ClCompile Include="Content\AnchorVisual.cpp" />
    <ClCompile Include="Content\ShaderFileData.cpp">
      <Filter>Content</Filter>
    </ClCompile>
    <ClCompile Include="AnchorExchanger.cpp" />
  </ItemGroup>
  <ItemGroup>
    <ClInclude Include="pch.h" />
    <ClInclude Include="SampleHoloLensMain.h" />
    <ClInclude Include="AppView.h" />
    <ClInclude Include="Content\SpatialInputHandler.h">
      <Filter>Content</Filter>
    </ClInclude>
    <ClInclude Include="Content\ShaderStructures.h">
      <Filter>Content</Filter>
    </ClInclude>
    <ClInclude Include="Content\TextRenderer.h">
      <Filter>Content</Filter>
    </ClInclude>
    <ClInclude Include="Content\CubeRenderer.h">
      <Filter>Content</Filter>
    </ClInclude>
    <ClInclude Include="Content\QuadRenderer.h">
      <Filter>Content</Filter>
    </ClInclude>
    <ClInclude Include="ViewController.h" />
    <ClInclude Include="Content\LabeledCubeRenderer.h">
      <Filter>Content</Filter>
    </ClInclude>
    <ClInclude Include="Content\AnchorVisual.h" />
    <ClInclude Include="Content\ShaderFileData.h">
      <Filter>Content</Filter>
    </ClInclude>
    <ClInclude Include="AnchorExchanger.h" />
  </ItemGroup>
  <ItemGroup>
    <None Include="Content\VertexShaderShared.hlsl">
      <Filter>Content\Shaders</Filter>
    </None>
    <FxCompile Include="Content\VertexShader.hlsl">
      <Filter>Content\Shaders</Filter>
    </FxCompile>
    <FxCompile Include="Content\GeometryShader.hlsl">
      <Filter>Content\Shaders</Filter>
    </FxCompile>
    <FxCompile Include="Content\PixelShader.hlsl">
      <Filter>Content\Shaders</Filter>
    </FxCompile>
    <FxCompile Include="Content\VPRTVertexShader.hlsl">
      <Filter>Content\Shaders</Filter>
    </FxCompile>
    <None Include="packages.config" />
  </ItemGroup>
  <ItemGroup>
    <AppxManifest Include="Package.appxmanifest" />
  </ItemGroup>
  <ItemGroup>
    <FxCompile Include="Content\TexturePixelShader.hlsl">
      <Filter>Content\Shaders</Filter>
    </FxCompile>
  </ItemGroup>
  <ItemGroup>
    <Midl Include="Content\AnchorVisual.idl">
      <Filter>Content</Filter>
    </Midl>
  </ItemGroup>
</Project>